Microsoft Visual Studio Solution File, Format Version 11.00
# Visual Studio 2008

Project("{C90E8ECA-04F6-4D70-BAAC-C9D0A5C4C72E}") = "Battle of Mages", "Assembly-CSharp-firstpass.csproj", "{BB45D699-B3A9-CE8C-25DC-AA9D0BDA1072}"
EndProject
Project("{C90E8ECA-04F6-4D70-BAAC-C9D0A5C4C72E}") = "Battle of Mages", "Assembly-CSharp.csproj", "{517C4437-25BA-A34B-AD90-E857EFA31807}"
EndProject
Project("{C90E8ECA-04F6-4D70-BAAC-C9D0A5C4C72E}") = "Battle of Mages", "Assembly-CSharp-Editor-firstpass.csproj", "{F71F9028-70C4-A153-3C55-D63AF08E2589}"
EndProject
Project("{C90E8ECA-04F6-4D70-BAAC-C9D0A5C4C72E}") = "Battle of Mages", "Assembly-UnityScript-firstpass.unityproj", "{23361B49-9B64-3499-2919-33B942B03866}"
EndProject
Project("{C90E8ECA-04F6-4D70-BAAC-C9D0A5C4C72E}") = "Battle of Mages", "Assembly-UnityScript.unityproj", "{52228DA6-1453-30D3-645D-331F4549C27D}"
EndProject
Project("{C90E8ECA-04F6-4D70-BAAC-C9D0A5C4C72E}") = "Battle of Mages", "Assembly-UnityScript-Editor-firstpass.unityproj", "{BB43478B-F925-9FB5-E23D-C4DABA9604FE}"
EndProject
Global
	GlobalSection(SolutionConfigurationPlatforms) = preSolution
		Debug|Any CPU = Debug|Any CPU
		Release|Any CPU = Release|Any CPU
	EndGlobalSection
	GlobalSection(ProjectConfigurationPlatforms) = postSolution
		{BB45D699-B3A9-CE8C-25DC-AA9D0BDA1072}.Debug|Any CPU.ActiveCfg = Debug|Any CPU
		{BB45D699-B3A9-CE8C-25DC-AA9D0BDA1072}.Debug|Any CPU.Build.0 = Debug|Any CPU
		{BB45D699-B3A9-CE8C-25DC-AA9D0BDA1072}.Release|Any CPU.ActiveCfg = Release|Any CPU
		{BB45D699-B3A9-CE8C-25DC-AA9D0BDA1072}.Release|Any CPU.Build.0 = Release|Any CPU
		{517C4437-25BA-A34B-AD90-E857EFA31807}.Debug|Any CPU.ActiveCfg = Debug|Any CPU
		{517C4437-25BA-A34B-AD90-E857EFA31807}.Debug|Any CPU.Build.0 = Debug|Any CPU
		{517C4437-25BA-A34B-AD90-E857EFA31807}.Release|Any CPU.ActiveCfg = Release|Any CPU
		{517C4437-25BA-A34B-AD90-E857EFA31807}.Release|Any CPU.Build.0 = Release|Any CPU
		{F71F9028-70C4-A153-3C55-D63AF08E2589}.Debug|Any CPU.ActiveCfg = Debug|Any CPU
		{F71F9028-70C4-A153-3C55-D63AF08E2589}.Debug|Any CPU.Build.0 = Debug|Any CPU
		{F71F9028-70C4-A153-3C55-D63AF08E2589}.Release|Any CPU.ActiveCfg = Release|Any CPU
		{F71F9028-70C4-A153-3C55-D63AF08E2589}.Release|Any CPU.Build.0 = Release|Any CPU
		{23361B49-9B64-3499-2919-33B942B03866}.Debug|Any CPU.ActiveCfg = Debug|Any CPU
		{23361B49-9B64-3499-2919-33B942B03866}.Debug|Any CPU.Build.0 = Debug|Any CPU
		{23361B49-9B64-3499-2919-33B942B03866}.Release|Any CPU.ActiveCfg = Release|Any CPU
		{23361B49-9B64-3499-2919-33B942B03866}.Release|Any CPU.Build.0 = Release|Any CPU
		{52228DA6-1453-30D3-645D-331F4549C27D}.Debug|Any CPU.ActiveCfg = Debug|Any CPU
		{52228DA6-1453-30D3-645D-331F4549C27D}.Debug|Any CPU.Build.0 = Debug|Any CPU
		{52228DA6-1453-30D3-645D-331F4549C27D}.Release|Any CPU.ActiveCfg = Release|Any CPU
		{52228DA6-1453-30D3-645D-331F4549C27D}.Release|Any CPU.Build.0 = Release|Any CPU
		{BB43478B-F925-9FB5-E23D-C4DABA9604FE}.Debug|Any CPU.ActiveCfg = Debug|Any CPU
		{BB43478B-F925-9FB5-E23D-C4DABA9604FE}.Debug|Any CPU.Build.0 = Debug|Any CPU
		{BB43478B-F925-9FB5-E23D-C4DABA9604FE}.Release|Any CPU.ActiveCfg = Release|Any CPU
		{BB43478B-F925-9FB5-E23D-C4DABA9604FE}.Release|Any CPU.Build.0 = Release|Any CPU
	EndGlobalSection
	GlobalSection(SolutionProperties) = preSolution
		HideSolutionNode = FALSE
	EndGlobalSection
	GlobalSection(MonoDevelopProperties) = preSolution
		StartupItem = Assembly-CSharp.csproj
		Policies = $0
		$0.TextStylePolicy = $1
		$1.inheritsSet = null
		$1.scope = text/x-csharp
		$0.CSharpFormattingPolicy = $2
		$2.inheritsSet = Mono
		$2.inheritsScope = text/x-csharp
		$2.scope = text/x-csharp
		$0.TextStylePolicy = $3
		$3.FileWidth = 120
		$3.TabWidth = 4
		$3.EolMarker = Unix
		$3.inheritsSet = Mono
		$3.inheritsScope = text/plain
		$3.scope = text/plain
	EndGlobalSection
EndGlobal
